<?xml version="1.0" encoding="utf-8"?>
<Project ToolsVersion="4.0" xmlns="http://schemas.microsoft.com/developer/msbuild/2003">
  <ItemGroup>
    <Filter Include="Source Files">
      <UniqueIdentifier>{4FC737F1-C7A5-4376-A066-2A32D752A2FF}</UniqueIdentifier>
      <Extensions>cpp;c;cc;cxx;c++;def;odl;idl;hpj;bat;asm;asmx</Extensions>
    </Filter>
    <Filter Include="Header Files">
      <UniqueIdentifier>{93995380-89BD-4b04-88EB-625FBE52EBFB}</UniqueIdentifier>
      <Extensions>h;hh;hpp;hxx;h++;hm;inl;inc;ipp;xsd</Extensions>
    </Filter>
    <Filter Include="Resource Files">
      <UniqueIdentifier>{67DA6AB6-F800-4c08-8B7A-83BB121AAD01}</UniqueIdentifier>
      <Extensions>rc;ico;cur;bmp;dlg;rc2;rct;bin;rgs;gif;jpg;jpeg;jpe;resx;tiff;tif;png;wav;mfcribbon-ms</Extensions>
    </Filter>
    <Filter Include="Source Files\Kadilnikov">
      <UniqueIdentifier>{3588b766-807d-406e-b12e-13c88230a9a7}</UniqueIdentifier>
    </Filter>
  </ItemGroup>
  <ItemGroup>
    <ClCompile Include="Arrays.cpp">
      <Filter>Source Files</Filter>
    </ClCompile>
    <ClCompile Include="MassiveMethods.cpp">
      <Filter>Source Files</Filter>
    </ClCompile>
    <ClCompile Include="labafour.cpp">
      <Filter>Source Files</Filter>
    </ClCompile>
    <ClCompile Include="cppApp.cpp">
      <Filter>Source Files\Kadilnikov</Filter>
    </ClCompile>
    <ClCompile Include="labasix.cpp">
      <Filter>Source Files\Kadilnikov</Filter>
    </ClCompile>
  </ItemGroup>
  <ItemGroup>
    <ClInclude Include="Arrays.h">
      <Filter>Header Files</Filter>
    </ClInclude>
    <ClInclude Include="MassiveMethods.h">
      <Filter>Header Files</Filter>
    </ClInclude>
    <ClInclude Include="labafour.h">
      <Filter>Source Files\Kadilnikov</Filter>
    </ClInclude>
    <ClInclude Include="labasix.h">
      <Filter>Header Files</Filter>
    </ClInclude>
  </ItemGroup>
</Project>