
Microsoft Visual Studio Solution File, Format Version 12.00
# Visual Studio Version 16
VisualStudioVersion = 16.0.29905.134
MinimumVisualStudioVersion = 10.0.40219.1
Project("{9A19103F-16F7-4668-BE54-9A1E7A4F7556}") = "MongoDBKadilnik", "NguenMongo\MongoDBKadilnik.csproj", "{2710EDB6-B893-4423-8F70-01A29AFB1A0F}"
EndProject
Global
	GlobalSection(SolutionConfigurationPlatforms) = preSolution
		Debug|Any CPU = Debug|Any CPU
		Release|Any CPU = Release|Any CPU
	EndGlobalSection
	GlobalSection(ProjectConfigurationPlatforms) = postSolution
		{2710EDB6-B893-4423-8F70-01A29AFB1A0F}.Debug|Any CPU.ActiveCfg = Debug|Any CPU
		{2710EDB6-B893-4423-8F70-01A29AFB1A0F}.Debug|Any CPU.Build.0 = Debug|Any CPU
		{2710EDB6-B893-4423-8F70-01A29AFB1A0F}.Release|Any CPU.ActiveCfg = Release|Any CPU
		{2710EDB6-B893-4423-8F70-01A29AFB1A0F}.Release|Any CPU.Build.0 = Release|Any CPU
	EndGlobalSection
	GlobalSection(SolutionProperties) = preSolution
		HideSolutionNode = FALSE
	EndGlobalSection
	GlobalSection(ExtensibilityGlobals) = postSolution
		SolutionGuid = {5069EFB6-6A87-4ECF-B55D-22F09844E60D}
	EndGlobalSection
EndGlobal
